{
    "hash": "da36800d9f2328920fcfb04d06198e5c",
    "packages": [
        {
            "name": "symfony/process",
            "version": "dev-master",
            "target-dir": "Symfony/Component/Process",
            "source": {
                "type": "git",
                "url": "https://github.com/symfony/Process",
                "reference": "6ec0a1493b6bc36c196a86382839df470a703bf6"
            },
            "dist": {
                "type": "zip",
                "url": "https://github.com/symfony/Process/archive/6ec0a1493b6bc36c196a86382839df470a703bf6.zip",
                "reference": "6ec0a1493b6bc36c196a86382839df470a703bf6",
                "shasum": ""
            },
            "require": {
                "php": ">=5.3.3"
            },
            "time": "2012-11-29 10:32:45",
            "type": "library",
            "extra": {
                "branch-alias": {
                    "dev-master": "2.2-dev"
                }
            },
            "installation-source": "source",
            "autoload": {
                "psr-0": {
                    "Symfony\\Component\\Process\\": ""
                }
            },
            "license": [
                "MIT"
            ],
            "authors": [
                {
                    "name": "Fabien Potencier",
                    "email": "fabien@symfony.com"
                },
                {
                    "name": "Symfony Community",
                    "homepage": "http://symfony.com/contributors"
                }
            ],
            "description": "Symfony Process Component",
            "homepage": "http://symfony.com"
        }
    ],
    "packages-dev": null,
    "aliases": [

    ],
    "minimum-stability": "dev",
    "stability-flags": [

    ]
}
